
Microsoft Visual Studio Solution File, Format Version 12.00
# Visual Studio Version 17
VisualStudioVersion = 17.3.32929.385
MinimumVisualStudioVersion = 10.0.40219.1
Project("{FAE04EC0-301F-11D3-BF4B-00C04F79EFBC}") = "degiskenlerAlistirma3", "degiskenlerAlistirma3\degiskenlerAlistirma3.csproj", "{235D015C-2D8C-4D00-B627-E0696C7B7162}"
EndProject
Global
	GlobalSection(SolutionConfigurationPlatforms) = preSolution
		Debug|Any CPU = Debug|Any CPU
		Release|Any CPU = Release|Any CPU
	EndGlobalSection
	GlobalSection(ProjectConfigurationPlatforms) = postSolution
		{235D015C-2D8C-4D00-B627-E0696C7B7162}.Debug|Any CPU.ActiveCfg = Debug|Any CPU
		{235D015C-2D8C-4D00-B627-E0696C7B7162}.Debug|Any CPU.Build.0 = Debug|Any CPU
		{235D015C-2D8C-4D00-B627-E0696C7B7162}.Release|Any CPU.ActiveCfg = Release|Any CPU
		{235D015C-2D8C-4D00-B627-E0696C7B7162}.Release|Any CPU.Build.0 = Release|Any CPU
	EndGlobalSection
	GlobalSection(SolutionProperties) = preSolution
		HideSolutionNode = FALSE
	EndGlobalSection
	GlobalSection(ExtensibilityGlobals) = postSolution
		SolutionGuid = {7778D3FA-ABDF-4EAB-AEA3-E02D15CB458F}
	EndGlobalSection
EndGlobal
