
Microsoft Visual Studio Solution File, Format Version 12.00
# Visual Studio Version 17
VisualStudioVersion = 17.3.32929.385
MinimumVisualStudioVersion = 10.0.40219.1
Project("{FAE04EC0-301F-11D3-BF4B-00C04F79EFBC}") = "SayisalDegiskenlerOndalikli", "SayisalDegiskenlerOndalikli\SayisalDegiskenlerOndalikli.csproj", "{0F451B70-FA4C-4BBC-81CF-963D7324D181}"
EndProject
Global
	GlobalSection(SolutionConfigurationPlatforms) = preSolution
		Debug|Any CPU = Debug|Any CPU
		Release|Any CPU = Release|Any CPU
	EndGlobalSection
	GlobalSection(ProjectConfigurationPlatforms) = postSolution
		{0F451B70-FA4C-4BBC-81CF-963D7324D181}.Debug|Any CPU.ActiveCfg = Debug|Any CPU
		{0F451B70-FA4C-4BBC-81CF-963D7324D181}.Debug|Any CPU.Build.0 = Debug|Any CPU
		{0F451B70-FA4C-4BBC-81CF-963D7324D181}.Release|Any CPU.ActiveCfg = Release|Any CPU
		{0F451B70-FA4C-4BBC-81CF-963D7324D181}.Release|Any CPU.Build.0 = Release|Any CPU
	EndGlobalSection
	GlobalSection(SolutionProperties) = preSolution
		HideSolutionNode = FALSE
	EndGlobalSection
	GlobalSection(ExtensibilityGlobals) = postSolution
		SolutionGuid = {1EE7AE4A-AF64-40F9-AB35-D75E1B63923A}
	EndGlobalSection
EndGlobal
