
Microsoft Visual Studio Solution File, Format Version 12.00
# Visual Studio Version 17
VisualStudioVersion = 17.3.32929.385
MinimumVisualStudioVersion = 10.0.40219.1
Project("{FAE04EC0-301F-11D3-BF4B-00C04F79EFBC}") = "AritmetikselOpertorlerOzelOperator", "AritmetikselOpertorlerOzelOperator\AritmetikselOpertorlerOzelOperator.csproj", "{D300E083-8828-4EFB-A8A8-5B197AE29A7B}"
EndProject
Global
	GlobalSection(SolutionConfigurationPlatforms) = preSolution
		Debug|Any CPU = Debug|Any CPU
		Release|Any CPU = Release|Any CPU
	EndGlobalSection
	GlobalSection(ProjectConfigurationPlatforms) = postSolution
		{D300E083-8828-4EFB-A8A8-5B197AE29A7B}.Debug|Any CPU.ActiveCfg = Debug|Any CPU
		{D300E083-8828-4EFB-A8A8-5B197AE29A7B}.Debug|Any CPU.Build.0 = Debug|Any CPU
		{D300E083-8828-4EFB-A8A8-5B197AE29A7B}.Release|Any CPU.ActiveCfg = Release|Any CPU
		{D300E083-8828-4EFB-A8A8-5B197AE29A7B}.Release|Any CPU.Build.0 = Release|Any CPU
	EndGlobalSection
	GlobalSection(SolutionProperties) = preSolution
		HideSolutionNode = FALSE
	EndGlobalSection
	GlobalSection(ExtensibilityGlobals) = postSolution
		SolutionGuid = {F93087F2-BCC5-4648-9A26-558021E4B850}
	EndGlobalSection
EndGlobal
