
Microsoft Visual Studio Solution File, Format Version 12.00
# Visual Studio Version 17
VisualStudioVersion = 17.3.32929.385
MinimumVisualStudioVersion = 10.0.40219.1
Project("{FAE04EC0-301F-11D3-BF4B-00C04F79EFBC}") = "DegiskenAlistirmalar2", "DegiskenAlistirmalar2\DegiskenAlistirmalar2.csproj", "{704CB13B-7139-4811-B41E-2AAA5534BFC9}"
EndProject
Global
	GlobalSection(SolutionConfigurationPlatforms) = preSolution
		Debug|Any CPU = Debug|Any CPU
		Release|Any CPU = Release|Any CPU
	EndGlobalSection
	GlobalSection(ProjectConfigurationPlatforms) = postSolution
		{704CB13B-7139-4811-B41E-2AAA5534BFC9}.Debug|Any CPU.ActiveCfg = Debug|Any CPU
		{704CB13B-7139-4811-B41E-2AAA5534BFC9}.Debug|Any CPU.Build.0 = Debug|Any CPU
		{704CB13B-7139-4811-B41E-2AAA5534BFC9}.Release|Any CPU.ActiveCfg = Release|Any CPU
		{704CB13B-7139-4811-B41E-2AAA5534BFC9}.Release|Any CPU.Build.0 = Release|Any CPU
	EndGlobalSection
	GlobalSection(SolutionProperties) = preSolution
		HideSolutionNode = FALSE
	EndGlobalSection
	GlobalSection(ExtensibilityGlobals) = postSolution
		SolutionGuid = {80320D22-12EA-4BDB-89C6-418B92D5B35E}
	EndGlobalSection
EndGlobal
