
Microsoft Visual Studio Solution File, Format Version 12.00
# Visual Studio Version 17
VisualStudioVersion = 17.3.32929.385
MinimumVisualStudioVersion = 10.0.40219.1
Project("{FAE04EC0-301F-11D3-BF4B-00C04F79EFBC}") = "TurDonusumuBilincli", "TurDonusumuBilincli\TurDonusumuBilincli.csproj", "{D7F80B9A-D327-4FE9-B1BB-11BCE123B01A}"
EndProject
Global
	GlobalSection(SolutionConfigurationPlatforms) = preSolution
		Debug|Any CPU = Debug|Any CPU
		Release|Any CPU = Release|Any CPU
	EndGlobalSection
	GlobalSection(ProjectConfigurationPlatforms) = postSolution
		{D7F80B9A-D327-4FE9-B1BB-11BCE123B01A}.Debug|Any CPU.ActiveCfg = Debug|Any CPU
		{D7F80B9A-D327-4FE9-B1BB-11BCE123B01A}.Debug|Any CPU.Build.0 = Debug|Any CPU
		{D7F80B9A-D327-4FE9-B1BB-11BCE123B01A}.Release|Any CPU.ActiveCfg = Release|Any CPU
		{D7F80B9A-D327-4FE9-B1BB-11BCE123B01A}.Release|Any CPU.Build.0 = Release|Any CPU
	EndGlobalSection
	GlobalSection(SolutionProperties) = preSolution
		HideSolutionNode = FALSE
	EndGlobalSection
	GlobalSection(ExtensibilityGlobals) = postSolution
		SolutionGuid = {81B546BA-B2A6-4FE1-B0F8-D5051C4DBD29}
	EndGlobalSection
EndGlobal
